{
  "requires": true,
  "lockfileVersion": 1,
  "dependencies": {
    "@types/geojson": {
      "version": "7946.0.4",
      "resolved": "https://registry.npmjs.org/@types/geojson/-/geojson-7946.0.4.tgz",
      "integrity": "sha512-MHmwBtCb7OCv1DSivz2UNJXPGU/1btAWRKlqJ2saEhVJkpkvqHMMaOpKg0v4sAbDWSQekHGvPVMM8nQ+Jen03Q=="
    },
    "@types/leaflet": {
      "version": "1.2.12",
      "resolved": "https://registry.npmjs.org/@types/leaflet/-/leaflet-1.2.12.tgz",
      "integrity": "sha512-13qbx6TAqPZZ8zb4fnkoGYK+nlmJ8yp8J+xk82wxGNzqdttw2VDRVEV3i0XWOEAqJ9Zsq8GxfNOZe6FcHkoETw==",
      "requires": {
        "@types/geojson": "7946.0.4"
      }
    }
  }
}
